{
  "requires": true,
  "lockfileVersion": 1,
  "dependencies": {
    "maria-service-send-mail": {
      "version": "1.0.0",
      "resolved": "https://registry.npmjs.org/maria-service-send-mail/-/maria-service-send-mail-1.0.0.tgz",
      "integrity": "sha512-IGAFBrcH2Tdcwz/dZmKneAtm4daHtMfQl5au6R6l7l+HRu4ns/nO0SHdjEwGnKQgEoZ3YnmiQjrsu7x0hxrOmA=="
    }
  }
}
